{
    "_readme": [
        "This file locks the dependencies of your project to a known state",
        "Read more about it at http://getcomposer.org/doc/01-basic-usage.md#composer-lock-the-lock-file"
    ],
    "hash": "c3a4640004f879238b2d8a5117cdde68",
    "packages": [
        {
            "name": "maniaplanet/dedicated-server-api",
            "version": "dev-master",
            "source": {
                "type": "git",
                "url": "https://github.com/maniaplanet/dedicated-server-api.git",
                "reference": "7a5bcdab09a9ffb09396f44da63a12ab7a0321aa"
            },
            "dist": {
                "type": "zip",
                "url": "https://api.github.com/repos/maniaplanet/dedicated-server-api/zipball/7a5bcdab09a9ffb09396f44da63a12ab7a0321aa",
                "reference": "7a5bcdab09a9ffb09396f44da63a12ab7a0321aa",
                "shasum": ""
            },
            "require": {
                "php": ">=5.3"
            },
            "type": "library",
            "autoload": {
                "psr-4": {
                    "Maniaplanet\\": "libraries/Maniaplanet"
                }
            },
            "notification-url": "https://packagist.org/downloads/",
            "license": [
                "LGPL-3.0"
            ],
            "authors": [
                {
                    "name": "NadeoLive",
                    "email": "livedev@nadeo.com",
                    "homepage": "http://www.nadeo.com/"
                }
            ],
            "description": "XML-RPC library to connect to ManiaPlanet server",
            "homepage": "https://github.com/maniaplanet/dedicated-server-api",
            "keywords": [
                "ManiaPlanet",
                "ShootMania",
                "TrackMania"
            ],
            "time": "2014-01-24 15:04:12"
        },
        {
            "name": "maniaplanet/manialib",
            "version": "dev-master",
            "source": {
                "type": "git",
                "url": "https://github.com/maniaplanet/manialib.git",
                "reference": "1687699c6153e10831e16e72bb647258ffd24f06"
            },
            "dist": {
                "type": "zip",
                "url": "https://api.github.com/repos/maniaplanet/manialib/zipball/1687699c6153e10831e16e72bb647258ffd24f06",
                "reference": "1687699c6153e10831e16e72bb647258ffd24f06",
                "shasum": ""
            },
            "require": {
                "php": ">=5.3"
            },
            "type": "library",
            "autoload": {
                "classmap": [
                    "libraries/ManiaLib"
                ]
            },
            "notification-url": "https://packagist.org/downloads/",
            "license": [
                "LGPL-3.0"
            ],
            "authors": [
                {
                    "name": "NadeoLive",
                    "email": "livedev@nadeo.com",
                    "homepage": "http://www.nadeo.com/"
                }
            ],
            "description": "Library to query ManiaPlanet webservices (shootmania and trackmania 2)",
            "homepage": "https://github.com/maniaplanet/manialib",
            "keywords": [
                "ManiaPlanet",
                "ShootMania",
                "TrackMania"
            ],
            "time": "2014-01-27 10:39:31"
        },
        {
            "name": "maniaplanet/manialive-lib",
            "version": "dev-master",
            "source": {
                "type": "git",
                "url": "https://github.com/maniaplanet/manialive-lib.git",
                "reference": "80a6e0bb3c7f7780c3ccce2bd4a20a7622487cc2"
            },
            "dist": {
                "type": "zip",
                "url": "https://api.github.com/repos/maniaplanet/manialive-lib/zipball/80a6e0bb3c7f7780c3ccce2bd4a20a7622487cc2",
                "reference": "80a6e0bb3c7f7780c3ccce2bd4a20a7622487cc2",
                "shasum": ""
            },
            "require": {
                "ext-curl": "*",
                "ext-json": "*",
                "maniaplanet/dedicated-server-api": "dev-master",
                "maniaplanet/manialib": "dev-master",
                "maniaplanet/maniaplanet-ws-sdk": "dev-master",
                "php": ">=5.3"
            },
            "type": "library",
            "notification-url": "https://packagist.org/downloads/",
            "license": [
                "LGPL-3.0"
            ],
            "authors": [
                {
                    "name": "NadeoLive",
                    "email": "livedev@nadeo.com",
                    "homepage": "http://www.nadeo.com/"
                }
            ],
            "description": "ManiaLive library",
            "homepage": "https://github.com/maniaplanet/manialive-lib",
            "keywords": [
                "ManiaPlanet",
                "ShootMania",
                "Socket",
                "TrackMania",
                "application",
                "xml-rpc"
            ],
            "time": "2014-02-03 10:20:53"
        },
        {
            "name": "maniaplanet/manialive-plugins",
            "version": "dev-master",
            "source": {
                "type": "git",
                "url": "https://github.com/maniaplanet/manialive-plugins.git",
                "reference": "db79c56e8f073a221c2bbd4719776bc66a963499"
            },
            "dist": {
                "type": "zip",
                "url": "https://api.github.com/repos/maniaplanet/manialive-plugins/zipball/db79c56e8f073a221c2bbd4719776bc66a963499",
                "reference": "db79c56e8f073a221c2bbd4719776bc66a963499",
                "shasum": ""
            },
            "require": {
                "maniaplanet/manialive": "dev-master"
            },
            "type": "library",
            "autoload": {
                "psr-4": {
                    "ManiaLivePlugins\\": "/"
                }
            },
            "notification-url": "https://packagist.org/downloads/",
            "license": [
                "LGPL-3.0"
            ],
            "authors": [
                {
                    "name": "NadeoLive",
                    "email": "livedev@nadeo.com",
                    "homepage": "http://www.nadeo.com/"
                }
            ],
            "description": "ManiaLive plugins",
            "homepage": "https://github.com/maniaplanet/manialive-plugins",
            "keywords": [
                "ManiaPlanet",
                "ShootMania",
                "TrackMania",
                "manialive"
            ],
            "time": "2014-01-28 09:19:01"
        },
        {
            "name": "maniaplanet/maniaplanet-ws-sdk",
            "version": "dev-master",
            "source": {
                "type": "git",
                "url": "https://github.com/maniaplanet/maniaplanet-ws-sdk.git",
                "reference": "2f1bbef19c60dc2438512d36d30add09c7064f25"
            },
            "dist": {
                "type": "zip",
                "url": "https://api.github.com/repos/maniaplanet/maniaplanet-ws-sdk/zipball/2f1bbef19c60dc2438512d36d30add09c7064f25",
                "reference": "2f1bbef19c60dc2438512d36d30add09c7064f25",
                "shasum": ""
            },
            "require": {
                "ext-curl": "*",
                "ext-json": "*",
                "php": ">=5.3"
            },
            "type": "library",
            "autoload": {
                "psr-4": {
                    "Maniaplanet\\": "libraries/Maniaplanet"
                }
            },
            "notification-url": "https://packagist.org/downloads/",
            "license": [
                "LGPL-3.0"
            ],
            "authors": [
                {
                    "name": "Nadeo",
                    "email": "contact@nadeo.com",
                    "homepage": "http://www.nadeo.com/"
                }
            ],
            "description": "SDK for the ManiaPlanet Web Services API.",
            "homepage": "https://github.com/maniaplanet/maniaplanet-ws-sdk",
            "keywords": [
                "ManiaPlanet",
                "ShootMania",
                "TrackMania",
                "curl",
                "oauth2",
                "rest",
                "web services"
            ],
            "time": "2014-01-24 15:01:07"
        },
        {
            "name": "maniaplanet/matchmaking-lobby",
            "version": "dev-master",
            "source": {
                "type": "git",
                "url": "https://github.com/maniaplanet/matchmaking-lobby.git",
                "reference": "438e5d41f4f9b1cd11c0a3bbe14295aa9a6e371c"
            },
            "dist": {
                "type": "zip",
                "url": "https://api.github.com/repos/maniaplanet/matchmaking-lobby/zipball/438e5d41f4f9b1cd11c0a3bbe14295aa9a6e371c",
                "reference": "438e5d41f4f9b1cd11c0a3bbe14295aa9a6e371c",
                "shasum": ""
            },
            "require": {
                "maniaplanet/manialive": "dev-master"
            },
            "type": "library",
            "autoload": {
                "psr-4": {
                    "ManiaLivePlugins\\": "/"
                }
            },
            "notification-url": "https://packagist.org/downloads/",
            "license": [
                "LGPL-3.0"
            ],
            "authors": [
                {
                    "name": "NadeoLive",
                    "email": "livedev@nadeo.com",
                    "homepage": "http://www.nadeo.com/"
                }
            ],
            "description": "ManiaLive matchmaking lobby plugin",
            "homepage": "https://github.com/maniaplanet/matchmaking-lobby",
            "keywords": [
                "ManiaPlanet",
                "ShootMania",
                "TrackMania",
                "manialive"
            ],
            "time": "2014-02-03 08:37:42"
        }
    ],
    "packages-dev": [

    ],
    "aliases": [

    ],
    "minimum-stability": "dev",
    "stability-flags": {
        "maniaplanet/manialive-lib": 20,
        "maniaplanet/manialive-plugins": 20,
        "maniaplanet/matchmaking-lobby": 20
    },
    "platform": {
        "php": ">=5.3",
        "ext-curl": "*",
        "ext-json": "*"
    },
    "platform-dev": [

    ]
}
