{
    "_readme": [
        "This file locks the dependencies of your project to a known state",
        "Read more about it at http://getcomposer.org/doc/01-basic-usage.md#composer-lock-the-lock-file"
    ],
    "hash": "f246a827c4ee4f0f9f03824b99564d67",
    "packages": [
        {
            "name": "maniaplanet/dedicated-server-api",
            "version": "dev-master",
            "source": {
                "type": "git",
                "url": "https://github.com/maniaplanet/dedicated-server-api.git",
                "reference": "7a5bcdab09a9ffb09396f44da63a12ab7a0321aa"
            },
            "dist": {
                "type": "zip",
                "url": "https://api.github.com/repos/maniaplanet/dedicated-server-api/zipball/7a5bcdab09a9ffb09396f44da63a12ab7a0321aa",
                "reference": "7a5bcdab09a9ffb09396f44da63a12ab7a0321aa",
                "shasum": ""
            },
            "require": {
                "php": ">=5.3"
            },
            "type": "library",
            "autoload": {
                "psr-4": {
                    "Maniaplanet\\": "libraries/Maniaplanet"
                }
            },
            "notification-url": "https://packagist.org/downloads/",
            "license": [
                "LGPL-3.0"
            ],
            "authors": [
                {
                    "name": "NadeoLive",
                    "email": "livedev@nadeo.com",
                    "homepage": "http://www.nadeo.com/"
                }
            ],
            "description": "XML-RPC library to connect to ManiaPlanet server",
            "homepage": "https://github.com/maniaplanet/dedicated-server-api",
            "keywords": [
                "ManiaPlanet",
                "ShootMania",
                "TrackMania"
            ],
            "time": "2014-01-24 15:04:12"
        },
        {
            "name": "maniaplanet/manialib",
            "version": "dev-master",
            "source": {
                "type": "git",
                "url": "https://github.com/maniaplanet/manialib.git",
                "reference": "1687699c6153e10831e16e72bb647258ffd24f06"
            },
            "dist": {
                "type": "zip",
                "url": "https://api.github.com/repos/maniaplanet/manialib/zipball/1687699c6153e10831e16e72bb647258ffd24f06",
                "reference": "1687699c6153e10831e16e72bb647258ffd24f06",
                "shasum": ""
            },
            "require": {
                "php": ">=5.3"
            },
            "type": "library",
            "autoload": {
                "classmap": [
                    "libraries/ManiaLib"
                ]
            },
            "notification-url": "https://packagist.org/downloads/",
            "license": [
                "LGPL-3.0"
            ],
            "authors": [
                {
                    "name": "NadeoLive",
                    "email": "livedev@nadeo.com",
                    "homepage": "http://www.nadeo.com/"
                }
            ],
            "description": "Library to query ManiaPlanet webservices (shootmania and trackmania 2)",
            "homepage": "https://github.com/maniaplanet/manialib",
            "keywords": [
                "ManiaPlanet",
                "ShootMania",
                "TrackMania"
            ],
            "time": "2014-01-27 10:39:31"
        },
        {
            "name": "maniaplanet/maniaplanet-ws-sdk",
            "version": "dev-master",
            "source": {
                "type": "git",
                "url": "https://github.com/maniaplanet/maniaplanet-ws-sdk.git",
                "reference": "2f1bbef19c60dc2438512d36d30add09c7064f25"
            },
            "dist": {
                "type": "zip",
                "url": "https://api.github.com/repos/maniaplanet/maniaplanet-ws-sdk/zipball/2f1bbef19c60dc2438512d36d30add09c7064f25",
                "reference": "2f1bbef19c60dc2438512d36d30add09c7064f25",
                "shasum": ""
            },
            "require": {
                "ext-curl": "*",
                "ext-json": "*",
                "php": ">=5.3"
            },
            "type": "library",
            "autoload": {
                "psr-4": {
                    "Maniaplanet\\": "libraries/Maniaplanet"
                }
            },
            "notification-url": "https://packagist.org/downloads/",
            "license": [
                "LGPL-3.0"
            ],
            "authors": [
                {
                    "name": "Nadeo",
                    "email": "contact@nadeo.com",
                    "homepage": "http://www.nadeo.com/"
                }
            ],
            "description": "SDK for the ManiaPlanet Web Services API.",
            "homepage": "https://github.com/maniaplanet/maniaplanet-ws-sdk",
            "keywords": [
                "ManiaPlanet",
                "ShootMania",
                "TrackMania",
                "curl",
                "oauth2",
                "rest",
                "web services"
            ],
            "time": "2014-01-24 15:01:07"
        }
    ],
    "packages-dev": [

    ],
    "aliases": [

    ],
    "minimum-stability": "dev",
    "stability-flags": {
        "maniaplanet/maniaplanet-ws-sdk": 20,
        "maniaplanet/manialib": 20,
        "maniaplanet/dedicated-server-api": 20
    },
    "platform": [

    ],
    "platform-dev": [

    ]
}
